
Microsoft Visual Studio Solution File, Format Version 12.00
# Visual Studio Version 16
VisualStudioVersion = 16.0.32602.291
MinimumVisualStudioVersion = 10.0.40219.1
Project("{FAE04EC0-301F-11D3-BF4B-00C04F79EFBC}") = "ConsoleApp1", "ConsoleApp1.csproj", "{059B0C57-CE7A-4319-A167-F2D321ABC656}"
EndProject
Global
	GlobalSection(SolutionConfigurationPlatforms) = preSolution
		Debug|Any CPU = Debug|Any CPU
		Release|Any CPU = Release|Any CPU
	EndGlobalSection
	GlobalSection(ProjectConfigurationPlatforms) = postSolution
		{059B0C57-CE7A-4319-A167-F2D321ABC656}.Debug|Any CPU.ActiveCfg = Debug|Any CPU
		{059B0C57-CE7A-4319-A167-F2D321ABC656}.Debug|Any CPU.Build.0 = Debug|Any CPU
		{059B0C57-CE7A-4319-A167-F2D321ABC656}.Release|Any CPU.ActiveCfg = Release|Any CPU
		{059B0C57-CE7A-4319-A167-F2D321ABC656}.Release|Any CPU.Build.0 = Release|Any CPU
	EndGlobalSection
	GlobalSection(SolutionProperties) = preSolution
		HideSolutionNode = FALSE
	EndGlobalSection
	GlobalSection(ExtensibilityGlobals) = postSolution
		SolutionGuid = {B1E25126-440B-40A9-B37E-7947BAC12552}
	EndGlobalSection
EndGlobal
